PODS:
  - lottie-ios (3.3.0)
  - ShimmerSwift (2.1.1)

DEPENDENCIES:
  - lottie-ios
  - ShimmerSwift

SPEC REPOS:
  trunk:
    - lottie-ios
    - ShimmerSwift

SPEC CHECKSUMS:
  lottie-ios: 6ac74dcc09904798f59b18cb3075c089d76be9ae
  ShimmerSwift: f7ed2daf9c246de8299dfd9e12c6ab465cba9842

PODFILE CHECKSUM: 87155757931ec807892d8eab7f21cb3dad0b4514

COCOAPODS: 1.11.2
