// !$*UTF8*$!
{
	archiveVersion = 1;
	classes = {
	};
	objectVersion = 55;
	objects = {

/* Begin PBXBuildFile section */
		1C3199F4C43F9F06D9A85D78 /* Pods_product_finderTests.framework in Frameworks */ = {isa = PBXBuildFile; fileRef = 26C0AAE0114A38022FCEEBD3 /* Pods_product_finderTests.framework */; };
		21CA7992280B9AF600EECF6C /* ProductDetailPresenter.swift in Sources */ = {isa = PBXBuildFile; fileRef = 21CA798C280B9AF600EECF6C /* ProductDetailPresenter.swift */; };
		21CA7993280B9AF600EECF6C /* ProductDetailWorker.swift in Sources */ = {isa = PBXBuildFile; fileRef = 21CA798D280B9AF600EECF6C /* ProductDetailWorker.swift */; };
		21CA7994280B9AF600EECF6C /* ProductDetailRouter.swift in Sources */ = {isa = PBXBuildFile; fileRef = 21CA798E280B9AF600EECF6C /* ProductDetailRouter.swift */; };
		21CA7995280B9AF600EECF6C /* ProductDetailInteractor.swift in Sources */ = {isa = PBXBuildFile; fileRef = 21CA798F280B9AF600EECF6C /* ProductDetailInteractor.swift */; };
		21CA7996280B9AF600EECF6C /* ProductDetailView.swift in Sources */ = {isa = PBXBuildFile; fileRef = 21CA7990280B9AF600EECF6C /* ProductDetailView.swift */; };
		21CA7997280B9AF600EECF6C /* ProductDetailEntity.swift in Sources */ = {isa = PBXBuildFile; fileRef = 21CA7991280B9AF600EECF6C /* ProductDetailEntity.swift */; };
		56E03A801B3FE71B89603F41 /* Pods_product_finder_product_finderUITests.framework in Frameworks */ = {isa = PBXBuildFile; fileRef = BEBD9CA82A371CB7741C218A /* Pods_product_finder_product_finderUITests.framework */; };
		D4289CFC280B5BF30084BDB6 /* Favorite.swift in Sources */ = {isa = PBXBuildFile; fileRef = D4289CFB280B5BF30084BDB6 /* Favorite.swift */; };
		D4289CFE280B5CE10084BDB6 /* FavoritesCoreDataManager.swift in Sources */ = {isa = PBXBuildFile; fileRef = D4289CFD280B5CE10084BDB6 /* FavoritesCoreDataManager.swift */; };
		D42F3DC62805E1EE00B9137F /* VIPERConfig.swift in Sources */ = {isa = PBXBuildFile; fileRef = D42F3DC52805E1EE00B9137F /* VIPERConfig.swift */; };
		D42F3DC92805E27600B9137F /* UIViewController+Extensions.swift in Sources */ = {isa = PBXBuildFile; fileRef = D42F3DC82805E27600B9137F /* UIViewController+Extensions.swift */; };
		D42F3DCB2805E28400B9137F /* UIView+Extensions.swift in Sources */ = {isa = PBXBuildFile; fileRef = D42F3DCA2805E28400B9137F /* UIView+Extensions.swift */; };
		D42F3DCD2805E29900B9137F /* UIImage+Extensions.swift in Sources */ = {isa = PBXBuildFile; fileRef = D42F3DCC2805E29900B9137F /* UIImage+Extensions.swift */; };
		D42F3DD02805E4B500B9137F /* ConfigStructures.swift in Sources */ = {isa = PBXBuildFile; fileRef = D42F3DCF2805E4B500B9137F /* ConfigStructures.swift */; };
		D42F3DD22805E4DD00B9137F /* ApiManagerDelegate.swift in Sources */ = {isa = PBXBuildFile; fileRef = D42F3DD12805E4DD00B9137F /* ApiManagerDelegate.swift */; };
		D42F3DD42805E50800B9137F /* ApiManager.swift in Sources */ = {isa = PBXBuildFile; fileRef = D42F3DD32805E50800B9137F /* ApiManager.swift */; };
		D42F3DD62805E54400B9137F /* URLSession+Extensions.swift in Sources */ = {isa = PBXBuildFile; fileRef = D42F3DD52805E54400B9137F /* URLSession+Extensions.swift */; };
		D42F3DD92805F43F00B9137F /* TabController.swift in Sources */ = {isa = PBXBuildFile; fileRef = D42F3DD82805F43F00B9137F /* TabController.swift */; };
		D42F3DE22805F6E400B9137F /* SimpleCollectionPresenter.swift in Sources */ = {isa = PBXBuildFile; fileRef = D42F3DDC2805F6E400B9137F /* SimpleCollectionPresenter.swift */; };
		D42F3DE32805F6E400B9137F /* SimpleCollectionWorker.swift in Sources */ = {isa = PBXBuildFile; fileRef = D42F3DDD2805F6E400B9137F /* SimpleCollectionWorker.swift */; };
		D42F3DE42805F6E400B9137F /* SimpleCollectionRouter.swift in Sources */ = {isa = PBXBuildFile; fileRef = D42F3DDE2805F6E400B9137F /* SimpleCollectionRouter.swift */; };
		D42F3DE52805F6E400B9137F /* SimpleCollectionInteractor.swift in Sources */ = {isa = PBXBuildFile; fileRef = D42F3DDF2805F6E400B9137F /* SimpleCollectionInteractor.swift */; };
		D42F3DE62805F6E400B9137F /* SimpleCollectionView.swift in Sources */ = {isa = PBXBuildFile; fileRef = D42F3DE02805F6E400B9137F /* SimpleCollectionView.swift */; };
		D42F3DE72805F6E400B9137F /* SimpleCollectionEntity.swift in Sources */ = {isa = PBXBuildFile; fileRef = D42F3DE12805F6E400B9137F /* SimpleCollectionEntity.swift */; };
		D42F3DED28060D6A00B9137F /* UIColor+Extension.swift in Sources */ = {isa = PBXBuildFile; fileRef = D42F3DEC28060D6A00B9137F /* UIColor+Extension.swift */; };
		D42F3DEF280613C500B9137F /* ItemResultCell.swift in Sources */ = {isa = PBXBuildFile; fileRef = D42F3DEE280613C500B9137F /* ItemResultCell.swift */; };
		D42F3DF1280617D300B9137F /* AppConstants.swift in Sources */ = {isa = PBXBuildFile; fileRef = D42F3DF0280617D300B9137F /* AppConstants.swift */; };
		D42F3DF328064B9F00B9137F /* APIConfig.swift in Sources */ = {isa = PBXBuildFile; fileRef = D42F3DF228064B9F00B9137F /* APIConfig.swift */; };
		D42F3DF528065A8900B9137F /* SearchKeyWordsResultViewController.swift in Sources */ = {isa = PBXBuildFile; fileRef = D42F3DF428065A8900B9137F /* SearchKeyWordsResultViewController.swift */; };
		D430BDA0280DF0FA003199C9 /* UDManager.swift in Sources */ = {isa = PBXBuildFile; fileRef = D430BD9F280DF0FA003199C9 /* UDManager.swift */; };
		D430BDA2280DF1F4003199C9 /* UDManager+KeysExtension.swift in Sources */ = {isa = PBXBuildFile; fileRef = D430BDA1280DF1F4003199C9 /* UDManager+KeysExtension.swift */; };
		D430BDA4280E0DBE003199C9 /* ProductImage.swift in Sources */ = {isa = PBXBuildFile; fileRef = D430BDA3280E0DBE003199C9 /* ProductImage.swift */; };
		D430BDA6280E0E5B003199C9 /* ProductImageCoreDataManager.swift in Sources */ = {isa = PBXBuildFile; fileRef = D430BDA5280E0E5B003199C9 /* ProductImageCoreDataManager.swift */; };
		D430BDAB280E1321003199C9 /* searching.json in Resources */ = {isa = PBXBuildFile; fileRef = D430BDA9280E1321003199C9 /* searching.json */; };
		D430BDAF280E15C0003199C9 /* empty-box.json in Resources */ = {isa = PBXBuildFile; fileRef = D430BDAE280E15C0003199C9 /* empty-box.json */; };
		D430BDC1280E427E003199C9 /* AttrubuteView.swift in Sources */ = {isa = PBXBuildFile; fileRef = D430BDC0280E427E003199C9 /* AttrubuteView.swift */; };
		D434AA59D1275D6E1B8682FC /* Pods_product_finder.framework in Frameworks */ = {isa = PBXBuildFile; fileRef = A449CD9A3CB12EE0A1637995 /* Pods_product_finder.framework */; };
		D4949B2A28051CCE00023B32 /* AppDelegate.swift in Sources */ = {isa = PBXBuildFile; fileRef = D4949B2928051CCE00023B32 /* AppDelegate.swift */; };
		D4949B3428051CCE00023B32 /* product_finder.xcdatamodeld in Sources */ = {isa = PBXBuildFile; fileRef = D4949B3228051CCE00023B32 /* product_finder.xcdatamodeld */; };
		D4949B3628051CCF00023B32 /* Assets.xcassets in Resources */ = {isa = PBXBuildFile; fileRef = D4949B3528051CCF00023B32 /* Assets.xcassets */; };
		D4949B3928051CCF00023B32 /* LaunchScreen.storyboard in Resources */ = {isa = PBXBuildFile; fileRef = D4949B3728051CCF00023B32 /* LaunchScreen.storyboard */; };
		D4949B4E28051CCF00023B32 /* product_finderUITests.swift in Sources */ = {isa = PBXBuildFile; fileRef = D4949B4D28051CCF00023B32 /* product_finderUITests.swift */; };
		D4949B5028051CCF00023B32 /* product_finderUITestsLaunchTests.swift in Sources */ = {isa = PBXBuildFile; fileRef = D4949B4F28051CCF00023B32 /* product_finderUITestsLaunchTests.swift */; };
		D4A1708B280F299E0038714E /* Log.swift in Sources */ = {isa = PBXBuildFile; fileRef = D4A1708A280F299E0038714E /* Log.swift */; };
		D4A170902810A2D50038714E /* SearchingTests.swift in Sources */ = {isa = PBXBuildFile; fileRef = D4A1708F2810A2D50038714E /* SearchingTests.swift */; };
		D4A170922810AE0E0038714E /* FavoritesTests.swift in Sources */ = {isa = PBXBuildFile; fileRef = D4A170912810AE0E0038714E /* FavoritesTests.swift */; };
		D4D1887828076E2D000DD310 /* UIImageView+Extensions.swift in Sources */ = {isa = PBXBuildFile; fileRef = D4D1887728076E2D000DD310 /* UIImageView+Extensions.swift */; };
		D4D1887A28077871000DD310 /* UITableViewCell+Extensions.swift in Sources */ = {isa = PBXBuildFile; fileRef = D4D1887928077871000DD310 /* UITableViewCell+Extensions.swift */; };
		D4D1887C2807DDF1000DD310 /* Float+Extensions.swift in Sources */ = {isa = PBXBuildFile; fileRef = D4D1887B2807DDF1000DD310 /* Float+Extensions.swift */; };
		D4D1887F2808AC39000DD310 /* BottomSheet.swift in Sources */ = {isa = PBXBuildFile; fileRef = D4D1887E2808AC39000DD310 /* BottomSheet.swift */; };
/* End PBXBuildFile section */

/* Begin PBXContainerItemProxy section */
		D4949B4028051CCF00023B32 /* PBXContainerItemProxy */ = {
			isa = PBXContainerItemProxy;
			containerPortal = D4949B1E28051CCE00023B32 /* Project object */;
			proxyType = 1;
			remoteGlobalIDString = D4949B2528051CCE00023B32;
			remoteInfo = "product-finder";
		};
		D4949B4A28051CCF00023B32 /* PBXContainerItemProxy */ = {
			isa = PBXContainerItemProxy;
			containerPortal = D4949B1E28051CCE00023B32 /* Project object */;
			proxyType = 1;
			remoteGlobalIDString = D4949B2528051CCE00023B32;
			remoteInfo = "product-finder";
		};
/* End PBXContainerItemProxy section */

/* Begin PBXFileReference section */
		02F1BB22FD60BAC9CBAF3598 /* Pods-product-finderTests.debug.xcconfig */ = {isa = PBXFileReference; includeInIndex = 1; lastKnownFileType = text.xcconfig; name = "Pods-product-finderTests.debug.xcconfig"; path = "Target Support Files/Pods-product-finderTests/Pods-product-finderTests.debug.xcconfig"; sourceTree = "<group>"; };
		0CF3A97D5126BF14E07E4AA2 /* Pods-product-finder-product-finderUITests.release.xcconfig */ = {isa = PBXFileReference; includeInIndex = 1; lastKnownFileType = text.xcconfig; name = "Pods-product-finder-product-finderUITests.release.xcconfig"; path = "Target Support Files/Pods-product-finder-product-finderUITests/Pods-product-finder-product-finderUITests.release.xcconfig"; sourceTree = "<group>"; };
		21CA798C280B9AF600EECF6C /* ProductDetailPresenter.swift */ = {isa = PBXFileReference; lastKnownFileType = sourcecode.swift; path = ProductDetailPresenter.swift; sourceTree = "<group>"; };
		21CA798D280B9AF600EECF6C /* ProductDetailWorker.swift */ = {isa = PBXFileReference; lastKnownFileType = sourcecode.swift; path = ProductDetailWorker.swift; sourceTree = "<group>"; };
		21CA798E280B9AF600EECF6C /* ProductDetailRouter.swift */ = {isa = PBXFileReference; lastKnownFileType = sourcecode.swift; path = ProductDetailRouter.swift; sourceTree = "<group>"; };
		21CA798F280B9AF600EECF6C /* ProductDetailInteractor.swift */ = {isa = PBXFileReference; lastKnownFileType = sourcecode.swift; path = ProductDetailInteractor.swift; sourceTree = "<group>"; };
		21CA7990280B9AF600EECF6C /* ProductDetailView.swift */ = {isa = PBXFileReference; lastKnownFileType = sourcecode.swift; path = ProductDetailView.swift; sourceTree = "<group>"; };
		21CA7991280B9AF600EECF6C /* ProductDetailEntity.swift */ = {isa = PBXFileReference; lastKnownFileType = sourcecode.swift; path = ProductDetailEntity.swift; sourceTree = "<group>"; };
		26C0AAE0114A38022FCEEBD3 /* Pods_product_finderTests.framework */ = {isa = PBXFileReference; explicitFileType = wrapper.framework; includeInIndex = 0; path = Pods_product_finderTests.framework; sourceTree = BUILT_PRODUCTS_DIR; };
		3348C490199A2BF000A3D8C4 /* Pods-product-finder-product-finderUITests.debug.xcconfig */ = {isa = PBXFileReference; includeInIndex = 1; lastKnownFileType = text.xcconfig; name = "Pods-product-finder-product-finderUITests.debug.xcconfig"; path = "Target Support Files/Pods-product-finder-product-finderUITests/Pods-product-finder-product-finderUITests.debug.xcconfig"; sourceTree = "<group>"; };
		678846E20D88FD30C89B7B19 /* Pods-product-finder.release.xcconfig */ = {isa = PBXFileReference; includeInIndex = 1; lastKnownFileType = text.xcconfig; name = "Pods-product-finder.release.xcconfig"; path = "Target Support Files/Pods-product-finder/Pods-product-finder.release.xcconfig"; sourceTree = "<group>"; };
		8108A2830791A2F3D241D7FC /* Pods-product-finderTests.release.xcconfig */ = {isa = PBXFileReference; includeInIndex = 1; lastKnownFileType = text.xcconfig; name = "Pods-product-finderTests.release.xcconfig"; path = "Target Support Files/Pods-product-finderTests/Pods-product-finderTests.release.xcconfig"; sourceTree = "<group>"; };
		A449CD9A3CB12EE0A1637995 /* Pods_product_finder.framework */ = {isa = PBXFileReference; explicitFileType = wrapper.framework; includeInIndex = 0; path = Pods_product_finder.framework; sourceTree = BUILT_PRODUCTS_DIR; };
		BEBD9CA82A371CB7741C218A /* Pods_product_finder_product_finderUITests.framework */ = {isa = PBXFileReference; explicitFileType = wrapper.framework; includeInIndex = 0; path = Pods_product_finder_product_finderUITests.framework; sourceTree = BUILT_PRODUCTS_DIR; };
		C32975E670B72E82FFE6FB11 /* Pods-product-finder.debug.xcconfig */ = {isa = PBXFileReference; includeInIndex = 1; lastKnownFileType = text.xcconfig; name = "Pods-product-finder.debug.xcconfig"; path = "Target Support Files/Pods-product-finder/Pods-product-finder.debug.xcconfig"; sourceTree = "<group>"; };
		D4289CFB280B5BF30084BDB6 /* Favorite.swift */ = {isa = PBXFileReference; lastKnownFileType = sourcecode.swift; path = Favorite.swift; sourceTree = "<group>"; };
		D4289CFD280B5CE10084BDB6 /* FavoritesCoreDataManager.swift */ = {isa = PBXFileReference; lastKnownFileType = sourcecode.swift; path = FavoritesCoreDataManager.swift; sourceTree = "<group>"; };
		D42F3DC52805E1EE00B9137F /* VIPERConfig.swift */ = {isa = PBXFileReference; lastKnownFileType = sourcecode.swift; path = VIPERConfig.swift; sourceTree = "<group>"; };
		D42F3DC82805E27600B9137F /* UIViewController+Extensions.swift */ = {isa = PBXFileReference; lastKnownFileType = sourcecode.swift; path = "UIViewController+Extensions.swift"; sourceTree = "<group>"; };
		D42F3DCA2805E28400B9137F /* UIView+Extensions.swift */ = {isa = PBXFileReference; lastKnownFileType = sourcecode.swift; path = "UIView+Extensions.swift"; sourceTree = "<group>"; };
		D42F3DCC2805E29900B9137F /* UIImage+Extensions.swift */ = {isa = PBXFileReference; lastKnownFileType = sourcecode.swift; path = "UIImage+Extensions.swift"; sourceTree = "<group>"; };
		D42F3DCF2805E4B500B9137F /* ConfigStructures.swift */ = {isa = PBXFileReference; lastKnownFileType = sourcecode.swift; path = ConfigStructures.swift; sourceTree = "<group>"; };
		D42F3DD12805E4DD00B9137F /* ApiManagerDelegate.swift */ = {isa = PBXFileReference; lastKnownFileType = sourcecode.swift; path = ApiManagerDelegate.swift; sourceTree = "<group>"; };
		D42F3DD32805E50800B9137F /* ApiManager.swift */ = {isa = PBXFileReference; lastKnownFileType = sourcecode.swift; path = ApiManager.swift; sourceTree = "<group>"; };
		D42F3DD52805E54400B9137F /* URLSession+Extensions.swift */ = {isa = PBXFileReference; lastKnownFileType = sourcecode.swift; path = "URLSession+Extensions.swift"; sourceTree = "<group>"; };
		D42F3DD82805F43F00B9137F /* TabController.swift */ = {isa = PBXFileReference; lastKnownFileType = sourcecode.swift; path = TabController.swift; sourceTree = "<group>"; };
		D42F3DDC2805F6E400B9137F /* SimpleCollectionPresenter.swift */ = {isa = PBXFileReference; lastKnownFileType = sourcecode.swift; path = SimpleCollectionPresenter.swift; sourceTree = "<group>"; };
		D42F3DDD2805F6E400B9137F /* SimpleCollectionWorker.swift */ = {isa = PBXFileReference; lastKnownFileType = sourcecode.swift; path = SimpleCollectionWorker.swift; sourceTree = "<group>"; };
		D42F3DDE2805F6E400B9137F /* SimpleCollectionRouter.swift */ = {isa = PBXFileReference; lastKnownFileType = sourcecode.swift; path = SimpleCollectionRouter.swift; sourceTree = "<group>"; };
		D42F3DDF2805F6E400B9137F /* SimpleCollectionInteractor.swift */ = {isa = PBXFileReference; lastKnownFileType = sourcecode.swift; path = SimpleCollectionInteractor.swift; sourceTree = "<group>"; };
		D42F3DE02805F6E400B9137F /* SimpleCollectionView.swift */ = {isa = PBXFileReference; lastKnownFileType = sourcecode.swift; path = SimpleCollectionView.swift; sourceTree = "<group>"; };
		D42F3DE12805F6E400B9137F /* SimpleCollectionEntity.swift */ = {isa = PBXFileReference; lastKnownFileType = sourcecode.swift; path = SimpleCollectionEntity.swift; sourceTree = "<group>"; };
		D42F3DEC28060D6A00B9137F /* UIColor+Extension.swift */ = {isa = PBXFileReference; lastKnownFileType = sourcecode.swift; path = "UIColor+Extension.swift"; sourceTree = "<group>"; };
		D42F3DEE280613C500B9137F /* ItemResultCell.swift */ = {isa = PBXFileReference; lastKnownFileType = sourcecode.swift; path = ItemResultCell.swift; sourceTree = "<group>"; };
		D42F3DF0280617D300B9137F /* AppConstants.swift */ = {isa = PBXFileReference; lastKnownFileType = sourcecode.swift; path = AppConstants.swift; sourceTree = "<group>"; };
		D42F3DF228064B9F00B9137F /* APIConfig.swift */ = {isa = PBXFileReference; lastKnownFileType = sourcecode.swift; path = APIConfig.swift; sourceTree = "<group>"; };
		D42F3DF428065A8900B9137F /* SearchKeyWordsResultViewController.swift */ = {isa = PBXFileReference; lastKnownFileType = sourcecode.swift; path = SearchKeyWordsResultViewController.swift; sourceTree = "<group>"; };
		D430BD9F280DF0FA003199C9 /* UDManager.swift */ = {isa = PBXFileReference; lastKnownFileType = sourcecode.swift; path = UDManager.swift; sourceTree = "<group>"; };
		D430BDA1280DF1F4003199C9 /* UDManager+KeysExtension.swift */ = {isa = PBXFileReference; lastKnownFileType = sourcecode.swift; path = "UDManager+KeysExtension.swift"; sourceTree = "<group>"; };
		D430BDA3280E0DBE003199C9 /* ProductImage.swift */ = {isa = PBXFileReference; lastKnownFileType = sourcecode.swift; path = ProductImage.swift; sourceTree = "<group>"; };
		D430BDA5280E0E5B003199C9 /* ProductImageCoreDataManager.swift */ = {isa = PBXFileReference; lastKnownFileType = sourcecode.swift; path = ProductImageCoreDataManager.swift; sourceTree = "<group>"; };
		D430BDA9280E1321003199C9 /* searching.json */ = {isa = PBXFileReference; fileEncoding = 4; lastKnownFileType = text.json; path = searching.json; sourceTree = "<group>"; };
		D430BDAE280E15C0003199C9 /* empty-box.json */ = {isa = PBXFileReference; fileEncoding = 4; lastKnownFileType = text.json; path = "empty-box.json"; sourceTree = "<group>"; };
		D430BDC0280E427E003199C9 /* AttrubuteView.swift */ = {isa = PBXFileReference; lastKnownFileType = sourcecode.swift; path = AttrubuteView.swift; sourceTree = "<group>"; };
		D4949B2628051CCE00023B32 /* product-finder.app */ = {isa = PBXFileReference; explicitFileType = wrapper.application; includeInIndex = 0; path = "product-finder.app"; sourceTree = BUILT_PRODUCTS_DIR; };
		D4949B2928051CCE00023B32 /* AppDelegate.swift */ = {isa = PBXFileReference; lastKnownFileType = sourcecode.swift; path = AppDelegate.swift; sourceTree = "<group>"; };
		D4949B3328051CCE00023B32 /* product_finder.xcdatamodel */ = {isa = PBXFileReference; lastKnownFileType = wrapper.xcdatamodel; path = product_finder.xcdatamodel; sourceTree = "<group>"; };
		D4949B3528051CCF00023B32 /* Assets.xcassets */ = {isa = PBXFileReference; lastKnownFileType = folder.assetcatalog; path = Assets.xcassets; sourceTree = "<group>"; };
		D4949B3828051CCF00023B32 /* Base */ = {isa = PBXFileReference; lastKnownFileType = file.storyboard; name = Base; path = Base.lproj/LaunchScreen.storyboard; sourceTree = "<group>"; };
		D4949B3A28051CCF00023B32 /* Info.plist */ = {isa = PBXFileReference; lastKnownFileType = text.plist.xml; path = Info.plist; sourceTree = "<group>"; };
		D4949B3F28051CCF00023B32 /* product-finderTests.xctest */ = {isa = PBXFileReference; explicitFileType = wrapper.cfbundle; includeInIndex = 0; path = "product-finderTests.xctest"; sourceTree = BUILT_PRODUCTS_DIR; };
		D4949B4928051CCF00023B32 /* product-finderUITests.xctest */ = {isa = PBXFileReference; explicitFileType = wrapper.cfbundle; includeInIndex = 0; path = "product-finderUITests.xctest"; sourceTree = BUILT_PRODUCTS_DIR; };
		D4949B4D28051CCF00023B32 /* product_finderUITests.swift */ = {isa = PBXFileReference; lastKnownFileType = sourcecode.swift; path = product_finderUITests.swift; sourceTree = "<group>"; };
		D4949B4F28051CCF00023B32 /* product_finderUITestsLaunchTests.swift */ = {isa = PBXFileReference; lastKnownFileType = sourcecode.swift; path = product_finderUITestsLaunchTests.swift; sourceTree = "<group>"; };
		D4A1708A280F299E0038714E /* Log.swift */ = {isa = PBXFileReference; lastKnownFileType = sourcecode.swift; path = Log.swift; sourceTree = "<group>"; };
		D4A1708F2810A2D50038714E /* SearchingTests.swift */ = {isa = PBXFileReference; lastKnownFileType = sourcecode.swift; path = SearchingTests.swift; sourceTree = "<group>"; };
		D4A170912810AE0E0038714E /* FavoritesTests.swift */ = {isa = PBXFileReference; lastKnownFileType = sourcecode.swift; path = FavoritesTests.swift; sourceTree = "<group>"; };
		D4D1887728076E2D000DD310 /* UIImageView+Extensions.swift */ = {isa = PBXFileReference; lastKnownFileType = sourcecode.swift; path = "UIImageView+Extensions.swift"; sourceTree = "<group>"; };
		D4D1887928077871000DD310 /* UITableViewCell+Extensions.swift */ = {isa = PBXFileReference; lastKnownFileType = sourcecode.swift; path = "UITableViewCell+Extensions.swift"; sourceTree = "<group>"; };
		D4D1887B2807DDF1000DD310 /* Float+Extensions.swift */ = {isa = PBXFileReference; lastKnownFileType = sourcecode.swift; path = "Float+Extensions.swift"; sourceTree = "<group>"; };
		D4D1887E2808AC39000DD310 /* BottomSheet.swift */ = {isa = PBXFileReference; lastKnownFileType = sourcecode.swift; path = BottomSheet.swift; sourceTree = "<group>"; };
/* End PBXFileReference section */

/* Begin PBXFrameworksBuildPhase section */
		D4949B2328051CCE00023B32 /* Frameworks */ = {
			isa = PBXFrameworksBuildPhase;
			buildActionMask = 2147483647;
			files = (
				D434AA59D1275D6E1B8682FC /* Pods_product_finder.framework in Frameworks */,
			);
			runOnlyForDeploymentPostprocessing = 0;
		};
		D4949B3C28051CCF00023B32 /* Frameworks */ = {
			isa = PBXFrameworksBuildPhase;
			buildActionMask = 2147483647;
			files = (
				1C3199F4C43F9F06D9A85D78 /* Pods_product_finderTests.framework in Frameworks */,
			);
			runOnlyForDeploymentPostprocessing = 0;
		};
		D4949B4628051CCF00023B32 /* Frameworks */ = {
			isa = PBXFrameworksBuildPhase;
			buildActionMask = 2147483647;
			files = (
				56E03A801B3FE71B89603F41 /* Pods_product_finder_product_finderUITests.framework in Frameworks */,
			);
			runOnlyForDeploymentPostprocessing = 0;
		};
/* End PBXFrameworksBuildPhase section */

/* Begin PBXGroup section */
		1331AA7CDA1786174528A183 /* Frameworks */ = {
			isa = PBXGroup;
			children = (
				A449CD9A3CB12EE0A1637995 /* Pods_product_finder.framework */,
				BEBD9CA82A371CB7741C218A /* Pods_product_finder_product_finderUITests.framework */,
				26C0AAE0114A38022FCEEBD3 /* Pods_product_finderTests.framework */,
			);
			name = Frameworks;
			sourceTree = "<group>";
		};
		21CA798B280B9AD400EECF6C /* ProductDetail */ = {
			isa = PBXGroup;
			children = (
				D430BDBF280E426F003199C9 /* Custom */,
				21CA798C280B9AF600EECF6C /* ProductDetailPresenter.swift */,
				21CA798D280B9AF600EECF6C /* ProductDetailWorker.swift */,
				21CA798E280B9AF600EECF6C /* ProductDetailRouter.swift */,
				21CA798F280B9AF600EECF6C /* ProductDetailInteractor.swift */,
				21CA7990280B9AF600EECF6C /* ProductDetailView.swift */,
				21CA7991280B9AF600EECF6C /* ProductDetailEntity.swift */,
			);
			path = ProductDetail;
			sourceTree = "<group>";
		};
		3C899D8EDB05B6AF2B138D9D /* Pods */ = {
			isa = PBXGroup;
			children = (
				C32975E670B72E82FFE6FB11 /* Pods-product-finder.debug.xcconfig */,
				678846E20D88FD30C89B7B19 /* Pods-product-finder.release.xcconfig */,
				3348C490199A2BF000A3D8C4 /* Pods-product-finder-product-finderUITests.debug.xcconfig */,
				0CF3A97D5126BF14E07E4AA2 /* Pods-product-finder-product-finderUITests.release.xcconfig */,
				02F1BB22FD60BAC9CBAF3598 /* Pods-product-finderTests.debug.xcconfig */,
				8108A2830791A2F3D241D7FC /* Pods-product-finderTests.release.xcconfig */,
			);
			path = Pods;
			sourceTree = "<group>";
		};
		D4289CF7280B5B120084BDB6 /* CoreData */ = {
			isa = PBXGroup;
			children = (
				D4289CFA280B5BCD0084BDB6 /* Entity */,
				D4289CF9280B5BC70084BDB6 /* Management */,
				D4949B3228051CCE00023B32 /* product_finder.xcdatamodeld */,
			);
			path = CoreData;
			sourceTree = "<group>";
		};
		D4289CF8280B5B1A0084BDB6 /* UserDefaults */ = {
			isa = PBXGroup;
			children = (
				D430BD9F280DF0FA003199C9 /* UDManager.swift */,
				D430BDA1280DF1F4003199C9 /* UDManager+KeysExtension.swift */,
			);
			path = UserDefaults;
			sourceTree = "<group>";
		};
		D4289CF9280B5BC70084BDB6 /* Management */ = {
			isa = PBXGroup;
			children = (
				D4289CFD280B5CE10084BDB6 /* FavoritesCoreDataManager.swift */,
				D430BDA5280E0E5B003199C9 /* ProductImageCoreDataManager.swift */,
			);
			path = Management;
			sourceTree = "<group>";
		};
		D4289CFA280B5BCD0084BDB6 /* Entity */ = {
			isa = PBXGroup;
			children = (
				D4289CFB280B5BF30084BDB6 /* Favorite.swift */,
				D430BDA3280E0DBE003199C9 /* ProductImage.swift */,
			);
			path = Entity;
			sourceTree = "<group>";
		};
		D42F3DC72805E23700B9137F /* Extensions */ = {
			isa = PBXGroup;
			children = (
				D42F3DC82805E27600B9137F /* UIViewController+Extensions.swift */,
				D42F3DCA2805E28400B9137F /* UIView+Extensions.swift */,
				D42F3DCC2805E29900B9137F /* UIImage+Extensions.swift */,
				D4D1887928077871000DD310 /* UITableViewCell+Extensions.swift */,
				D4D1887B2807DDF1000DD310 /* Float+Extensions.swift */,
			);
			path = Extensions;
			sourceTree = "<group>";
		};
		D42F3DCE2805E47F00B9137F /* Extensions */ = {
			isa = PBXGroup;
			children = (
				D42F3DD52805E54400B9137F /* URLSession+Extensions.swift */,
				D4D1887728076E2D000DD310 /* UIImageView+Extensions.swift */,
			);
			path = Extensions;
			sourceTree = "<group>";
		};
		D42F3DD72805F41F00B9137F /* Navigation */ = {
			isa = PBXGroup;
			children = (
				D42F3DD82805F43F00B9137F /* TabController.swift */,
			);
			path = Navigation;
			sourceTree = "<group>";
		};
		D42F3DDB2805F6BA00B9137F /* SimpleCollection */ = {
			isa = PBXGroup;
			children = (
				D42F3DE82805F7AF00B9137F /* Custom */,
				D42F3DDC2805F6E400B9137F /* SimpleCollectionPresenter.swift */,
				D42F3DDD2805F6E400B9137F /* SimpleCollectionWorker.swift */,
				D42F3DDE2805F6E400B9137F /* SimpleCollectionRouter.swift */,
				D42F3DDF2805F6E400B9137F /* SimpleCollectionInteractor.swift */,
				D42F3DE02805F6E400B9137F /* SimpleCollectionView.swift */,
				D42F3DE12805F6E400B9137F /* SimpleCollectionEntity.swift */,
			);
			path = SimpleCollection;
			sourceTree = "<group>";
		};
		D42F3DE82805F7AF00B9137F /* Custom */ = {
			isa = PBXGroup;
			children = (
				D42F3DEE280613C500B9137F /* ItemResultCell.swift */,
				D42F3DF428065A8900B9137F /* SearchKeyWordsResultViewController.swift */,
			);
			path = Custom;
			sourceTree = "<group>";
		};
		D42F3DEB28060AEB00B9137F /* Extensions */ = {
			isa = PBXGroup;
			children = (
				D42F3DEC28060D6A00B9137F /* UIColor+Extension.swift */,
			);
			path = Extensions;
			sourceTree = "<group>";
		};
		D430BDA7280E1226003199C9 /* lottiefiles */ = {
			isa = PBXGroup;
			children = (
				D430BDAE280E15C0003199C9 /* empty-box.json */,
				D430BDA9280E1321003199C9 /* searching.json */,
			);
			path = lottiefiles;
			sourceTree = "<group>";
		};
		D430BDBF280E426F003199C9 /* Custom */ = {
			isa = PBXGroup;
			children = (
				D430BDC0280E427E003199C9 /* AttrubuteView.swift */,
			);
			path = Custom;
			sourceTree = "<group>";
		};
		D4949B1D28051CCE00023B32 = {
			isa = PBXGroup;
			children = (
				D4949B2828051CCE00023B32 /* product-finder */,
				D4949B4228051CCF00023B32 /* product-finderTests */,
				D4949B4C28051CCF00023B32 /* product-finderUITests */,
				D4949B2728051CCE00023B32 /* Products */,
				3C899D8EDB05B6AF2B138D9D /* Pods */,
				1331AA7CDA1786174528A183 /* Frameworks */,
			);
			sourceTree = "<group>";
		};
		D4949B2728051CCE00023B32 /* Products */ = {
			isa = PBXGroup;
			children = (
				D4949B2628051CCE00023B32 /* product-finder.app */,
				D4949B3F28051CCF00023B32 /* product-finderTests.xctest */,
				D4949B4928051CCF00023B32 /* product-finderUITests.xctest */,
			);
			name = Products;
			sourceTree = "<group>";
		};
		D4949B2828051CCE00023B32 /* product-finder */ = {
			isa = PBXGroup;
			children = (
				D4949B5C28051EC800023B32 /* UI */,
				D4949B5D28051ED600023B32 /* Application */,
				D4949B5E28051EE100023B32 /* Resources */,
				D4949B5F28051EEC00023B32 /* Scenes */,
				D4949B6028051EF500023B32 /* Persistence */,
				D4949B6128051F0100023B32 /* Networking */,
				D4949B6228051F0D00023B32 /* Configuration */,
			);
			path = "product-finder";
			sourceTree = "<group>";
		};
		D4949B4228051CCF00023B32 /* product-finderTests */ = {
			isa = PBXGroup;
			children = (
				D4A1708E2810A2890038714E /* Favorites */,
				D4A1708C2810A2520038714E /* Search */,
			);
			path = "product-finderTests";
			sourceTree = "<group>";
		};
		D4949B4C28051CCF00023B32 /* product-finderUITests */ = {
			isa = PBXGroup;
			children = (
				D4949B4D28051CCF00023B32 /* product_finderUITests.swift */,
				D4949B4F28051CCF00023B32 /* product_finderUITestsLaunchTests.swift */,
			);
			path = "product-finderUITests";
			sourceTree = "<group>";
		};
		D4949B5C28051EC800023B32 /* UI */ = {
			isa = PBXGroup;
			children = (
				D4D1887D2808AB7E000DD310 /* Components */,
				D42F3DEB28060AEB00B9137F /* Extensions */,
				D42F3DF0280617D300B9137F /* AppConstants.swift */,
			);
			path = UI;
			sourceTree = "<group>";
		};
		D4949B5D28051ED600023B32 /* Application */ = {
			isa = PBXGroup;
			children = (
				D4949B2928051CCE00023B32 /* AppDelegate.swift */,
				D4949B3A28051CCF00023B32 /* Info.plist */,
				D4949B3728051CCF00023B32 /* LaunchScreen.storyboard */,
			);
			path = Application;
			sourceTree = "<group>";
		};
		D4949B5E28051EE100023B32 /* Resources */ = {
			isa = PBXGroup;
			children = (
				D430BDA7280E1226003199C9 /* lottiefiles */,
				D4949B3528051CCF00023B32 /* Assets.xcassets */,
			);
			path = Resources;
			sourceTree = "<group>";
		};
		D4949B5F28051EEC00023B32 /* Scenes */ = {
			isa = PBXGroup;
			children = (
				21CA798B280B9AD400EECF6C /* ProductDetail */,
				D42F3DD72805F41F00B9137F /* Navigation */,
				D42F3DDB2805F6BA00B9137F /* SimpleCollection */,
			);
			path = Scenes;
			sourceTree = "<group>";
		};
		D4949B6028051EF500023B32 /* Persistence */ = {
			isa = PBXGroup;
			children = (
				D4289CF8280B5B1A0084BDB6 /* UserDefaults */,
				D4289CF7280B5B120084BDB6 /* CoreData */,
			);
			path = Persistence;
			sourceTree = "<group>";
		};
		D4949B6128051F0100023B32 /* Networking */ = {
			isa = PBXGroup;
			children = (
				D42F3DCE2805E47F00B9137F /* Extensions */,
				D42F3DCF2805E4B500B9137F /* ConfigStructures.swift */,
				D42F3DD12805E4DD00B9137F /* ApiManagerDelegate.swift */,
				D42F3DD32805E50800B9137F /* ApiManager.swift */,
				D42F3DF228064B9F00B9137F /* APIConfig.swift */,
			);
			path = Networking;
			sourceTree = "<group>";
		};
		D4949B6228051F0D00023B32 /* Configuration */ = {
			isa = PBXGroup;
			children = (
				D42F3DC72805E23700B9137F /* Extensions */,
				D42F3DC52805E1EE00B9137F /* VIPERConfig.swift */,
				D4A1708A280F299E0038714E /* Log.swift */,
			);
			path = Configuration;
			sourceTree = "<group>";
		};
		D4A1708C2810A2520038714E /* Search */ = {
			isa = PBXGroup;
			children = (
				D4A1708F2810A2D50038714E /* SearchingTests.swift */,
			);
			path = Search;
			sourceTree = "<group>";
		};
		D4A1708E2810A2890038714E /* Favorites */ = {
			isa = PBXGroup;
			children = (
				D4A170912810AE0E0038714E /* FavoritesTests.swift */,
			);
			path = Favorites;
			sourceTree = "<group>";
		};
		D4D1887D2808AB7E000DD310 /* Components */ = {
			isa = PBXGroup;
			children = (
				D4D1887E2808AC39000DD310 /* BottomSheet.swift */,
			);
			path = Components;
			sourceTree = "<group>";
		};
/* End PBXGroup section */

/* Begin PBXNativeTarget section */
		D4949B2528051CCE00023B32 /* product-finder */ = {
			isa = PBXNativeTarget;
			buildConfigurationList = D4949B5328051CCF00023B32 /* Build configuration list for PBXNativeTarget "product-finder" */;
			buildPhases = (
				02F937FFB3780B1FC9D64339 /* [CP] Check Pods Manifest.lock */,
				D4949B2228051CCE00023B32 /* Sources */,
				D4949B2328051CCE00023B32 /* Frameworks */,
				D4949B2428051CCE00023B32 /* Resources */,
				25246937994521FB6A910B2A /* [CP] Embed Pods Frameworks */,
			);
			buildRules = (
			);
			dependencies = (
			);
			name = "product-finder";
			productName = "product-finder";
			productReference = D4949B2628051CCE00023B32 /* product-finder.app */;
			productType = "com.apple.product-type.application";
		};
		D4949B3E28051CCF00023B32 /* product-finderTests */ = {
			isa = PBXNativeTarget;
			buildConfigurationList = D4949B5628051CCF00023B32 /* Build configuration list for PBXNativeTarget "product-finderTests" */;
			buildPhases = (
				9B290494B7719279930F65B5 /* [CP] Check Pods Manifest.lock */,
				D4949B3B28051CCF00023B32 /* Sources */,
				D4949B3C28051CCF00023B32 /* Frameworks */,
				D4949B3D28051CCF00023B32 /* Resources */,
			);
			buildRules = (
			);
			dependencies = (
				D4949B4128051CCF00023B32 /* PBXTargetDependency */,
			);
			name = "product-finderTests";
			productName = "product-finderTests";
			productReference = D4949B3F28051CCF00023B32 /* product-finderTests.xctest */;
			productType = "com.apple.product-type.bundle.unit-test";
		};
		D4949B4828051CCF00023B32 /* product-finderUITests */ = {
			isa = PBXNativeTarget;
			buildConfigurationList = D4949B5928051CCF00023B32 /* Build configuration list for PBXNativeTarget "product-finderUITests" */;
			buildPhases = (
				2D7BD878BDEC55052706F387 /* [CP] Check Pods Manifest.lock */,
				D4949B4528051CCF00023B32 /* Sources */,
				D4949B4628051CCF00023B32 /* Frameworks */,
				D4949B4728051CCF00023B32 /* Resources */,
				D7EB38777F085B6546AA88AD /* [CP] Embed Pods Frameworks */,
			);
			buildRules = (
			);
			dependencies = (
				D4949B4B28051CCF00023B32 /* PBXTargetDependency */,
			);
			name = "product-finderUITests";
			productName = "product-finderUITests";
			productReference = D4949B4928051CCF00023B32 /* product-finderUITests.xctest */;
			productType = "com.apple.product-type.bundle.ui-testing";
		};
/* End PBXNativeTarget section */

/* Begin PBXProject section */
		D4949B1E28051CCE00023B32 /* Project object */ = {
			isa = PBXProject;
			attributes = {
				BuildIndependentTargetsInParallel = 1;
				LastSwiftUpdateCheck = 1330;
				LastUpgradeCheck = 1330;
				TargetAttributes = {
					D4949B2528051CCE00023B32 = {
						CreatedOnToolsVersion = 13.3;
					};
					D4949B3E28051CCF00023B32 = {
						CreatedOnToolsVersion = 13.3;
						TestTargetID = D4949B2528051CCE00023B32;
					};
					D4949B4828051CCF00023B32 = {
						CreatedOnToolsVersion = 13.3;
						TestTargetID = D4949B2528051CCE00023B32;
					};
				};
			};
			buildConfigurationList = D4949B2128051CCE00023B32 /* Build configuration list for PBXProject "product-finder" */;
			compatibilityVersion = "Xcode 13.0";
			developmentRegion = en;
			hasScannedForEncodings = 0;
			knownRegions = (
				en,
				Base,
			);
			mainGroup = D4949B1D28051CCE00023B32;
			productRefGroup = D4949B2728051CCE00023B32 /* Products */;
			projectDirPath = "";
			projectRoot = "";
			targets = (
				D4949B2528051CCE00023B32 /* product-finder */,
				D4949B3E28051CCF00023B32 /* product-finderTests */,
				D4949B4828051CCF00023B32 /* product-finderUITests */,
			);
		};
/* End PBXProject section */

/* Begin PBXResourcesBuildPhase section */
		D4949B2428051CCE00023B32 /* Resources */ = {
			isa = PBXResourcesBuildPhase;
			buildActionMask = 2147483647;
			files = (
				D4949B3928051CCF00023B32 /* LaunchScreen.storyboard in Resources */,
				D4949B3628051CCF00023B32 /* Assets.xcassets in Resources */,
				D430BDAB280E1321003199C9 /* searching.json in Resources */,
				D430BDAF280E15C0003199C9 /* empty-box.json in Resources */,
			);
			runOnlyForDeploymentPostprocessing = 0;
		};
		D4949B3D28051CCF00023B32 /* Resources */ = {
			isa = PBXResourcesBuildPhase;
			buildActionMask = 2147483647;
			files = (
			);
			runOnlyForDeploymentPostprocessing = 0;
		};
		D4949B4728051CCF00023B32 /* Resources */ = {
			isa = PBXResourcesBuildPhase;
			buildActionMask = 2147483647;
			files = (
			);
			runOnlyForDeploymentPostprocessing = 0;
		};
/* End PBXResourcesBuildPhase section */

/* Begin PBXShellScriptBuildPhase section */
		02F937FFB3780B1FC9D64339 /* [CP] Check Pods Manifest.lock */ = {
			isa = PBXShellScriptBuildPhase;
			buildActionMask = 2147483647;
			files = (
			);
			inputFileListPaths = (
			);
			inputPaths = (
				"${PODS_PODFILE_DIR_PATH}/Podfile.lock",
				"${PODS_ROOT}/Manifest.lock",
			);
			name = "[CP] Check Pods Manifest.lock";
			outputFileListPaths = (
			);
			outputPaths = (
				"$(DERIVED_FILE_DIR)/Pods-product-finder-checkManifestLockResult.txt",
			);
			runOnlyForDeploymentPostprocessing = 0;
			shellPath = /bin/sh;
			shellScript = "diff \"${PODS_PODFILE_DIR_PATH}/Podfile.lock\" \"${PODS_ROOT}/Manifest.lock\" > /dev/null\nif [ $? != 0 ] ; then\n    # print error to STDERR\n    echo \"error: The sandbox is not in sync with the Podfile.lock. Run 'pod install' or update your CocoaPods installation.\" >&2\n    exit 1\nfi\n# This output is used by Xcode 'outputs' to avoid re-running this script phase.\necho \"SUCCESS\" > \"${SCRIPT_OUTPUT_FILE_0}\"\n";
			showEnvVarsInLog = 0;
		};
		25246937994521FB6A910B2A /* [CP] Embed Pods Frameworks */ = {
			isa = PBXShellScriptBuildPhase;
			buildActionMask = 2147483647;
			files = (
			);
			inputFileListPaths = (
				"${PODS_ROOT}/Target Support Files/Pods-product-finder/Pods-product-finder-frameworks-${CONFIGURATION}-input-files.xcfilelist",
			);
			name = "[CP] Embed Pods Frameworks";
			outputFileListPaths = (
				"${PODS_ROOT}/Target Support Files/Pods-product-finder/Pods-product-finder-frameworks-${CONFIGURATION}-output-files.xcfilelist",
			);
			runOnlyForDeploymentPostprocessing = 0;
			shellPath = /bin/sh;
			shellScript = "\"${PODS_ROOT}/Target Support Files/Pods-product-finder/Pods-product-finder-frameworks.sh\"\n";
			showEnvVarsInLog = 0;
		};
		2D7BD878BDEC55052706F387 /* [CP] Check Pods Manifest.lock */ = {
			isa = PBXShellScriptBuildPhase;
			buildActionMask = 2147483647;
			files = (
			);
			inputFileListPaths = (
			);
			inputPaths = (
				"${PODS_PODFILE_DIR_PATH}/Podfile.lock",
				"${PODS_ROOT}/Manifest.lock",
			);
			name = "[CP] Check Pods Manifest.lock";
			outputFileListPaths = (
			);
			outputPaths = (
				"$(DERIVED_FILE_DIR)/Pods-product-finder-product-finderUITests-checkManifestLockResult.txt",
			);
			runOnlyForDeploymentPostprocessing = 0;
			shellPath = /bin/sh;
			shellScript = "diff \"${PODS_PODFILE_DIR_PATH}/Podfile.lock\" \"${PODS_ROOT}/Manifest.lock\" > /dev/null\nif [ $? != 0 ] ; then\n    # print error to STDERR\n    echo \"error: The sandbox is not in sync with the Podfile.lock. Run 'pod install' or update your CocoaPods installation.\" >&2\n    exit 1\nfi\n# This output is used by Xcode 'outputs' to avoid re-running this script phase.\necho \"SUCCESS\" > \"${SCRIPT_OUTPUT_FILE_0}\"\n";
			showEnvVarsInLog = 0;
		};
		9B290494B7719279930F65B5 /* [CP] Check Pods Manifest.lock */ = {
			isa = PBXShellScriptBuildPhase;
			buildActionMask = 2147483647;
			files = (
			);
			inputFileListPaths = (
			);
			inputPaths = (
				"${PODS_PODFILE_DIR_PATH}/Podfile.lock",
				"${PODS_ROOT}/Manifest.lock",
			);
			name = "[CP] Check Pods Manifest.lock";
			outputFileListPaths = (
			);
			outputPaths = (
				"$(DERIVED_FILE_DIR)/Pods-product-finderTests-checkManifestLockResult.txt",
			);
			runOnlyForDeploymentPostprocessing = 0;
			shellPath = /bin/sh;
			shellScript = "diff \"${PODS_PODFILE_DIR_PATH}/Podfile.lock\" \"${PODS_ROOT}/Manifest.lock\" > /dev/null\nif [ $? != 0 ] ; then\n    # print error to STDERR\n    echo \"error: The sandbox is not in sync with the Podfile.lock. Run 'pod install' or update your CocoaPods installation.\" >&2\n    exit 1\nfi\n# This output is used by Xcode 'outputs' to avoid re-running this script phase.\necho \"SUCCESS\" > \"${SCRIPT_OUTPUT_FILE_0}\"\n";
			showEnvVarsInLog = 0;
		};
		D7EB38777F085B6546AA88AD /* [CP] Embed Pods Frameworks */ = {
			isa = PBXShellScriptBuildPhase;
			buildActionMask = 2147483647;
			files = (
			);
			inputFileListPaths = (
				"${PODS_ROOT}/Target Support Files/Pods-product-finder-product-finderUITests/Pods-product-finder-product-finderUITests-frameworks-${CONFIGURATION}-input-files.xcfilelist",
			);
			name = "[CP] Embed Pods Frameworks";
			outputFileListPaths = (
				"${PODS_ROOT}/Target Support Files/Pods-product-finder-product-finderUITests/Pods-product-finder-product-finderUITests-frameworks-${CONFIGURATION}-output-files.xcfilelist",
			);
			runOnlyForDeploymentPostprocessing = 0;
			shellPath = /bin/sh;
			shellScript = "\"${PODS_ROOT}/Target Support Files/Pods-product-finder-product-finderUITests/Pods-product-finder-product-finderUITests-frameworks.sh\"\n";
			showEnvVarsInLog = 0;
		};
/* End PBXShellScriptBuildPhase section */

/* Begin PBXSourcesBuildPhase section */
		D4949B2228051CCE00023B32 /* Sources */ = {
			isa = PBXSourcesBuildPhase;
			buildActionMask = 2147483647;
			files = (
				D4D1887C2807DDF1000DD310 /* Float+Extensions.swift in Sources */,
				D42F3DD62805E54400B9137F /* URLSession+Extensions.swift in Sources */,
				21CA7996280B9AF600EECF6C /* ProductDetailView.swift in Sources */,
				D42F3DCD2805E29900B9137F /* UIImage+Extensions.swift in Sources */,
				D42F3DD42805E50800B9137F /* ApiManager.swift in Sources */,
				D42F3DF528065A8900B9137F /* SearchKeyWordsResultViewController.swift in Sources */,
				D42F3DED28060D6A00B9137F /* UIColor+Extension.swift in Sources */,
				D4289CFE280B5CE10084BDB6 /* FavoritesCoreDataManager.swift in Sources */,
				21CA7995280B9AF600EECF6C /* ProductDetailInteractor.swift in Sources */,
				D430BDC1280E427E003199C9 /* AttrubuteView.swift in Sources */,
				D42F3DE72805F6E400B9137F /* SimpleCollectionEntity.swift in Sources */,
				D4289CFC280B5BF30084BDB6 /* Favorite.swift in Sources */,
				D42F3DE32805F6E400B9137F /* SimpleCollectionWorker.swift in Sources */,
				D430BDA6280E0E5B003199C9 /* ProductImageCoreDataManager.swift in Sources */,
				D42F3DC92805E27600B9137F /* UIViewController+Extensions.swift in Sources */,
				D4A1708B280F299E0038714E /* Log.swift in Sources */,
				D42F3DE22805F6E400B9137F /* SimpleCollectionPresenter.swift in Sources */,
				D42F3DE62805F6E400B9137F /* SimpleCollectionView.swift in Sources */,
				D42F3DD92805F43F00B9137F /* TabController.swift in Sources */,
				D430BDA2280DF1F4003199C9 /* UDManager+KeysExtension.swift in Sources */,
				D42F3DC62805E1EE00B9137F /* VIPERConfig.swift in Sources */,
				D42F3DD22805E4DD00B9137F /* ApiManagerDelegate.swift in Sources */,
				D42F3DEF280613C500B9137F /* ItemResultCell.swift in Sources */,
				D4D1887A28077871000DD310 /* UITableViewCell+Extensions.swift in Sources */,
				D42F3DF1280617D300B9137F /* AppConstants.swift in Sources */,
				D42F3DCB2805E28400B9137F /* UIView+Extensions.swift in Sources */,
				D430BDA4280E0DBE003199C9 /* ProductImage.swift in Sources */,
				D42F3DE52805F6E400B9137F /* SimpleCollectionInteractor.swift in Sources */,
				D42F3DE42805F6E400B9137F /* SimpleCollectionRouter.swift in Sources */,
				21CA7993280B9AF600EECF6C /* ProductDetailWorker.swift in Sources */,
				D42F3DD02805E4B500B9137F /* ConfigStructures.swift in Sources */,
				D4D1887828076E2D000DD310 /* UIImageView+Extensions.swift in Sources */,
				D4949B2A28051CCE00023B32 /* AppDelegate.swift in Sources */,
				D430BDA0280DF0FA003199C9 /* UDManager.swift in Sources */,
				D4949B3428051CCE00023B32 /* product_finder.xcdatamodeld in Sources */,
				D4D1887F2808AC39000DD310 /* BottomSheet.swift in Sources */,
				D42F3DF328064B9F00B9137F /* APIConfig.swift in Sources */,
				21CA7992280B9AF600EECF6C /* ProductDetailPresenter.swift in Sources */,
				21CA7994280B9AF600EECF6C /* ProductDetailRouter.swift in Sources */,
				21CA7997280B9AF600EECF6C /* ProductDetailEntity.swift in Sources */,
			);
			runOnlyForDeploymentPostprocessing = 0;
		};
		D4949B3B28051CCF00023B32 /* Sources */ = {
			isa = PBXSourcesBuildPhase;
			buildActionMask = 2147483647;
			files = (
				D4A170902810A2D50038714E /* SearchingTests.swift in Sources */,
				D4A170922810AE0E0038714E /* FavoritesTests.swift in Sources */,
			);
			runOnlyForDeploymentPostprocessing = 0;
		};
		D4949B4528051CCF00023B32 /* Sources */ = {
			isa = PBXSourcesBuildPhase;
			buildActionMask = 2147483647;
			files = (
				D4949B5028051CCF00023B32 /* product_finderUITestsLaunchTests.swift in Sources */,
				D4949B4E28051CCF00023B32 /* product_finderUITests.swift in Sources */,
			);
			runOnlyForDeploymentPostprocessing = 0;
		};
/* End PBXSourcesBuildPhase section */

/* Begin PBXTargetDependency section */
		D4949B4128051CCF00023B32 /* PBXTargetDependency */ = {
			isa = PBXTargetDependency;
			target = D4949B2528051CCE00023B32 /* product-finder */;
			targetProxy = D4949B4028051CCF00023B32 /* PBXContainerItemProxy */;
		};
		D4949B4B28051CCF00023B32 /* PBXTargetDependency */ = {
			isa = PBXTargetDependency;
			target = D4949B2528051CCE00023B32 /* product-finder */;
			targetProxy = D4949B4A28051CCF00023B32 /* PBXContainerItemProxy */;
		};
/* End PBXTargetDependency section */

/* Begin PBXVariantGroup section */
		D4949B3728051CCF00023B32 /* LaunchScreen.storyboard */ = {
			isa = PBXVariantGroup;
			children = (
				D4949B3828051CCF00023B32 /* Base */,
			);
			name = LaunchScreen.storyboard;
			sourceTree = "<group>";
		};
/* End PBXVariantGroup section */

/* Begin XCBuildConfiguration section */
		D4949B5128051CCF00023B32 /* Debug */ = {
			isa = XCBuildConfiguration;
			buildSettings = {
				ALWAYS_SEARCH_USER_PATHS = NO;
				CLANG_ANALYZER_NONNULL = YES;
				CLANG_ANALYZER_NUMBER_OBJECT_CONVERSION = YES_AGGRESSIVE;
				CLANG_CXX_LANGUAGE_STANDARD = "gnu++17";
				CLANG_ENABLE_MODULES = YES;
				CLANG_ENABLE_OBJC_ARC = YES;
				CLANG_ENABLE_OBJC_WEAK = YES;
				CLANG_WARN_BLOCK_CAPTURE_AUTORELEASING = YES;
				CLANG_WARN_BOOL_CONVERSION = YES;
				CLANG_WARN_COMMA = YES;
				CLANG_WARN_CONSTANT_CONVERSION = YES;
				CLANG_WARN_DEPRECATED_OBJC_IMPLEMENTATIONS = YES;
				CLANG_WARN_DIRECT_OBJC_ISA_USAGE = YES_ERROR;
				CLANG_WARN_DOCUMENTATION_COMMENTS = YES;
				CLANG_WARN_EMPTY_BODY = YES;
				CLANG_WARN_ENUM_CONVERSION = YES;
				CLANG_WARN_INFINITE_RECURSION = YES;
				CLANG_WARN_INT_CONVERSION = YES;
				CLANG_WARN_NON_LITERAL_NULL_CONVERSION = YES;
				CLANG_WARN_OBJC_IMPLICIT_RETAIN_SELF = YES;
				CLANG_WARN_OBJC_LITERAL_CONVERSION = YES;
				CLANG_WARN_OBJC_ROOT_CLASS = YES_ERROR;
				CLANG_WARN_QUOTED_INCLUDE_IN_FRAMEWORK_HEADER = YES;
				CLANG_WARN_RANGE_LOOP_ANALYSIS = YES;
				CLANG_WARN_STRICT_PROTOTYPES = YES;
				CLANG_WARN_SUSPICIOUS_MOVE = YES;
				CLANG_WARN_UNGUARDED_AVAILABILITY = YES_AGGRESSIVE;
				CLANG_WARN_UNREACHABLE_CODE = YES;
				CLANG_WARN__DUPLICATE_METHOD_MATCH = YES;
				COPY_PHASE_STRIP = NO;
				DEBUG_INFORMATION_FORMAT = dwarf;
				ENABLE_STRICT_OBJC_MSGSEND = YES;
				ENABLE_TESTABILITY = YES;
				GCC_C_LANGUAGE_STANDARD = gnu11;
				GCC_DYNAMIC_NO_PIC = NO;
				GCC_NO_COMMON_BLOCKS = YES;
				GCC_OPTIMIZATION_LEVEL = 0;
				GCC_PREPROCESSOR_DEFINITIONS = (
					"DEBUG=1",
					"$(inherited)",
				);
				GCC_WARN_64_TO_32_BIT_CONVERSION = YES;
				GCC_WARN_ABOUT_RETURN_TYPE = YES_ERROR;
				GCC_WARN_UNDECLARED_SELECTOR = YES;
				GCC_WARN_UNINITIALIZED_AUTOS = YES_AGGRESSIVE;
				GCC_WARN_UNUSED_FUNCTION = YES;
				GCC_WARN_UNUSED_VARIABLE = YES;
				IPHONEOS_DEPLOYMENT_TARGET = 15.0;
				MTL_ENABLE_DEBUG_INFO = INCLUDE_SOURCE;
				MTL_FAST_MATH = YES;
				ONLY_ACTIVE_ARCH = YES;
				SDKROOT = iphoneos;
				SWIFT_ACTIVE_COMPILATION_CONDITIONS = DEBUG;
				SWIFT_OPTIMIZATION_LEVEL = "-Onone";
			};
			name = Debug;
		};
		D4949B5228051CCF00023B32 /* Release */ = {
			isa = XCBuildConfiguration;
			buildSettings = {
				ALWAYS_SEARCH_USER_PATHS = NO;
				CLANG_ANALYZER_NONNULL = YES;
				CLANG_ANALYZER_NUMBER_OBJECT_CONVERSION = YES_AGGRESSIVE;
				CLANG_CXX_LANGUAGE_STANDARD = "gnu++17";
				CLANG_ENABLE_MODULES = YES;
				CLANG_ENABLE_OBJC_ARC = YES;
				CLANG_ENABLE_OBJC_WEAK = YES;
				CLANG_WARN_BLOCK_CAPTURE_AUTORELEASING = YES;
				CLANG_WARN_BOOL_CONVERSION = YES;
				CLANG_WARN_COMMA = YES;
				CLANG_WARN_CONSTANT_CONVERSION = YES;
				CLANG_WARN_DEPRECATED_OBJC_IMPLEMENTATIONS = YES;
				CLANG_WARN_DIRECT_OBJC_ISA_USAGE = YES_ERROR;
				CLANG_WARN_DOCUMENTATION_COMMENTS = YES;
				CLANG_WARN_EMPTY_BODY = YES;
				CLANG_WARN_ENUM_CONVERSION = YES;
				CLANG_WARN_INFINITE_RECURSION = YES;
				CLANG_WARN_INT_CONVERSION = YES;
				CLANG_WARN_NON_LITERAL_NULL_CONVERSION = YES;
				CLANG_WARN_OBJC_IMPLICIT_RETAIN_SELF = YES;
				CLANG_WARN_OBJC_LITERAL_CONVERSION = YES;
				CLANG_WARN_OBJC_ROOT_CLASS = YES_ERROR;
				CLANG_WARN_QUOTED_INCLUDE_IN_FRAMEWORK_HEADER = YES;
				CLANG_WARN_RANGE_LOOP_ANALYSIS = YES;
				CLANG_WARN_STRICT_PROTOTYPES = YES;
				CLANG_WARN_SUSPICIOUS_MOVE = YES;
				CLANG_WARN_UNGUARDED_AVAILABILITY = YES_AGGRESSIVE;
				CLANG_WARN_UNREACHABLE_CODE = YES;
				CLANG_WARN__DUPLICATE_METHOD_MATCH = YES;
				COPY_PHASE_STRIP = NO;
				DEBUG_INFORMATION_FORMAT = "dwarf-with-dsym";
				ENABLE_NS_ASSERTIONS = NO;
				ENABLE_STRICT_OBJC_MSGSEND = YES;
				GCC_C_LANGUAGE_STANDARD = gnu11;
				GCC_NO_COMMON_BLOCKS = YES;
				GCC_WARN_64_TO_32_BIT_CONVERSION = YES;
				GCC_WARN_ABOUT_RETURN_TYPE = YES_ERROR;
				GCC_WARN_UNDECLARED_SELECTOR = YES;
				GCC_WARN_UNINITIALIZED_AUTOS = YES_AGGRESSIVE;
				GCC_WARN_UNUSED_FUNCTION = YES;
				GCC_WARN_UNUSED_VARIABLE = YES;
				IPHONEOS_DEPLOYMENT_TARGET = 15.0;
				MTL_ENABLE_DEBUG_INFO = NO;
				MTL_FAST_MATH = YES;
				SDKROOT = iphoneos;
				SWIFT_COMPILATION_MODE = wholemodule;
				SWIFT_OPTIMIZATION_LEVEL = "-O";
				VALIDATE_PRODUCT = YES;
			};
			name = Release;
		};
		D4949B5428051CCF00023B32 /* Debug */ = {
			isa = XCBuildConfiguration;
			baseConfigurationReference = C32975E670B72E82FFE6FB11 /* Pods-product-finder.debug.xcconfig */;
			buildSettings = {
				ASSETCATALOG_COMPILER_APPICON_NAME = AppIcon;
				ASSETCATALOG_COMPILER_GLOBAL_ACCENT_COLOR_NAME = AccentColor;
				CODE_SIGN_IDENTITY = "Apple Development";
				CODE_SIGN_STYLE = Automatic;
				CURRENT_PROJECT_VERSION = 1;
				DEVELOPMENT_TEAM = 2U7TUYBPB8;
				GENERATE_INFOPLIST_FILE = YES;
				INFOPLIST_FILE = "product-finder/Application/Info.plist";
				INFOPLIST_KEY_CFBundleDisplayName = "Product Finder";
				INFOPLIST_KEY_UIApplicationSupportsIndirectInputEvents = YES;
				INFOPLIST_KEY_UILaunchStoryboardName = LaunchScreen;
				INFOPLIST_KEY_UISupportedInterfaceOrientations = UIInterfaceOrientationPortrait;
				INFOPLIST_KEY_UISupportedInterfaceOrientations_iPad = "UIInterfaceOrientationPortrait UIInterfaceOrientationPortraitUpsideDown UIInterfaceOrientationLandscapeLeft UIInterfaceOrientationLandscapeRight";
				INFOPLIST_KEY_UISupportedInterfaceOrientations_iPhone = "UIInterfaceOrientationPortrait UIInterfaceOrientationLandscapeLeft UIInterfaceOrientationLandscapeRight";
				LD_RUNPATH_SEARCH_PATHS = (
					"$(inherited)",
					"@executable_path/Frameworks",
				);
				MARKETING_VERSION = 1.0;
				PRODUCT_BUNDLE_IDENTIFIER = "isaiin.dev.product-finder";
				PRODUCT_NAME = "$(TARGET_NAME)";
				PROVISIONING_PROFILE_SPECIFIER = "";
				SWIFT_EMIT_LOC_STRINGS = YES;
				SWIFT_VERSION = 5.0;
				TARGETED_DEVICE_FAMILY = 1;
			};
			name = Debug;
		};
		D4949B5528051CCF00023B32 /* Release */ = {
			isa = XCBuildConfiguration;
			baseConfigurationReference = 678846E20D88FD30C89B7B19 /* Pods-product-finder.release.xcconfig */;
			buildSettings = {
				ASSETCATALOG_COMPILER_APPICON_NAME = AppIcon;
				ASSETCATALOG_COMPILER_GLOBAL_ACCENT_COLOR_NAME = AccentColor;
				CODE_SIGN_IDENTITY = "Apple Development";
				CODE_SIGN_STYLE = Automatic;
				CURRENT_PROJECT_VERSION = 1;
				DEVELOPMENT_TEAM = 2U7TUYBPB8;
				GENERATE_INFOPLIST_FILE = YES;
				INFOPLIST_FILE = "product-finder/Application/Info.plist";
				INFOPLIST_KEY_CFBundleDisplayName = "Product Finder";
				INFOPLIST_KEY_UIApplicationSupportsIndirectInputEvents = YES;
				INFOPLIST_KEY_UILaunchStoryboardName = LaunchScreen;
				INFOPLIST_KEY_UISupportedInterfaceOrientations = UIInterfaceOrientationPortrait;
				INFOPLIST_KEY_UISupportedInterfaceOrientations_iPad = "UIInterfaceOrientationPortrait UIInterfaceOrientationPortraitUpsideDown UIInterfaceOrientationLandscapeLeft UIInterfaceOrientationLandscapeRight";
				INFOPLIST_KEY_UISupportedInterfaceOrientations_iPhone = "UIInterfaceOrientationPortrait UIInterfaceOrientationLandscapeLeft UIInterfaceOrientationLandscapeRight";
				LD_RUNPATH_SEARCH_PATHS = (
					"$(inherited)",
					"@executable_path/Frameworks",
				);
				MARKETING_VERSION = 1.0;
				PRODUCT_BUNDLE_IDENTIFIER = "isaiin.dev.product-finder";
				PRODUCT_NAME = "$(TARGET_NAME)";
				PROVISIONING_PROFILE_SPECIFIER = "";
				SWIFT_EMIT_LOC_STRINGS = YES;
				SWIFT_VERSION = 5.0;
				TARGETED_DEVICE_FAMILY = 1;
			};
			name = Release;
		};
		D4949B5728051CCF00023B32 /* Debug */ = {
			isa = XCBuildConfiguration;
			baseConfigurationReference = 02F1BB22FD60BAC9CBAF3598 /* Pods-product-finderTests.debug.xcconfig */;
			buildSettings = {
				ALWAYS_EMBED_SWIFT_STANDARD_LIBRARIES = YES;
				BUNDLE_LOADER = "$(TEST_HOST)";
				CODE_SIGN_STYLE = Automatic;
				CURRENT_PROJECT_VERSION = 1;
				DEVELOPMENT_TEAM = 2U7TUYBPB8;
				GENERATE_INFOPLIST_FILE = YES;
				IPHONEOS_DEPLOYMENT_TARGET = 15.4;
				MARKETING_VERSION = 1.0;
				PRODUCT_BUNDLE_IDENTIFIER = "isaiin.dev.product-finderTests";
				PRODUCT_NAME = "$(TARGET_NAME)";
				SWIFT_EMIT_LOC_STRINGS = NO;
				SWIFT_VERSION = 5.0;
				TARGETED_DEVICE_FAMILY = "1,2";
				TEST_HOST = "$(BUILT_PRODUCTS_DIR)/product-finder.app/product-finder";
			};
			name = Debug;
		};
		D4949B5828051CCF00023B32 /* Release */ = {
			isa = XCBuildConfiguration;
			baseConfigurationReference = 8108A2830791A2F3D241D7FC /* Pods-product-finderTests.release.xcconfig */;
			buildSettings = {
				ALWAYS_EMBED_SWIFT_STANDARD_LIBRARIES = YES;
				BUNDLE_LOADER = "$(TEST_HOST)";
				CODE_SIGN_STYLE = Automatic;
				CURRENT_PROJECT_VERSION = 1;
				DEVELOPMENT_TEAM = 2U7TUYBPB8;
				GENERATE_INFOPLIST_FILE = YES;
				IPHONEOS_DEPLOYMENT_TARGET = 15.4;
				MARKETING_VERSION = 1.0;
				PRODUCT_BUNDLE_IDENTIFIER = "isaiin.dev.product-finderTests";
				PRODUCT_NAME = "$(TARGET_NAME)";
				SWIFT_EMIT_LOC_STRINGS = NO;
				SWIFT_VERSION = 5.0;
				TARGETED_DEVICE_FAMILY = "1,2";
				TEST_HOST = "$(BUILT_PRODUCTS_DIR)/product-finder.app/product-finder";
			};
			name = Release;
		};
		D4949B5A28051CCF00023B32 /* Debug */ = {
			isa = XCBuildConfiguration;
			baseConfigurationReference = 3348C490199A2BF000A3D8C4 /* Pods-product-finder-product-finderUITests.debug.xcconfig */;
			buildSettings = {
				ALWAYS_EMBED_SWIFT_STANDARD_LIBRARIES = YES;
				CODE_SIGN_STYLE = Automatic;
				CURRENT_PROJECT_VERSION = 1;
				DEVELOPMENT_TEAM = 2U7TUYBPB8;
				GENERATE_INFOPLIST_FILE = YES;
				MARKETING_VERSION = 1.0;
				PRODUCT_BUNDLE_IDENTIFIER = "isaiin.dev.product-finderUITests";
				PRODUCT_NAME = "$(TARGET_NAME)";
				SWIFT_EMIT_LOC_STRINGS = NO;
				SWIFT_VERSION = 5.0;
				TARGETED_DEVICE_FAMILY = "1,2";
				TEST_TARGET_NAME = "product-finder";
			};
			name = Debug;
		};
		D4949B5B28051CCF00023B32 /* Release */ = {
			isa = XCBuildConfiguration;
			baseConfigurationReference = 0CF3A97D5126BF14E07E4AA2 /* Pods-product-finder-product-finderUITests.release.xcconfig */;
			buildSettings = {
				ALWAYS_EMBED_SWIFT_STANDARD_LIBRARIES = YES;
				CODE_SIGN_STYLE = Automatic;
				CURRENT_PROJECT_VERSION = 1;
				DEVELOPMENT_TEAM = 2U7TUYBPB8;
				GENERATE_INFOPLIST_FILE = YES;
				MARKETING_VERSION = 1.0;
				PRODUCT_BUNDLE_IDENTIFIER = "isaiin.dev.product-finderUITests";
				PRODUCT_NAME = "$(TARGET_NAME)";
				SWIFT_EMIT_LOC_STRINGS = NO;
				SWIFT_VERSION = 5.0;
				TARGETED_DEVICE_FAMILY = "1,2";
				TEST_TARGET_NAME = "product-finder";
			};
			name = Release;
		};
/* End XCBuildConfiguration section */

/* Begin XCConfigurationList section */
		D4949B2128051CCE00023B32 /* Build configuration list for PBXProject "product-finder" */ = {
			isa = XCConfigurationList;
			buildConfigurations = (
				D4949B5128051CCF00023B32 /* Debug */,
				D4949B5228051CCF00023B32 /* Release */,
			);
			defaultConfigurationIsVisible = 0;
			defaultConfigurationName = Release;
		};
		D4949B5328051CCF00023B32 /* Build configuration list for PBXNativeTarget "product-finder" */ = {
			isa = XCConfigurationList;
			buildConfigurations = (
				D4949B5428051CCF00023B32 /* Debug */,
				D4949B5528051CCF00023B32 /* Release */,
			);
			defaultConfigurationIsVisible = 0;
			defaultConfigurationName = Release;
		};
		D4949B5628051CCF00023B32 /* Build configuration list for PBXNativeTarget "product-finderTests" */ = {
			isa = XCConfigurationList;
			buildConfigurations = (
				D4949B5728051CCF00023B32 /* Debug */,
				D4949B5828051CCF00023B32 /* Release */,
			);
			defaultConfigurationIsVisible = 0;
			defaultConfigurationName = Release;
		};
		D4949B5928051CCF00023B32 /* Build configuration list for PBXNativeTarget "product-finderUITests" */ = {
			isa = XCConfigurationList;
			buildConfigurations = (
				D4949B5A28051CCF00023B32 /* Debug */,
				D4949B5B28051CCF00023B32 /* Release */,
			);
			defaultConfigurationIsVisible = 0;
			defaultConfigurationName = Release;
		};
/* End XCConfigurationList section */

/* Begin XCVersionGroup section */
		D4949B3228051CCE00023B32 /* product_finder.xcdatamodeld */ = {
			isa = XCVersionGroup;
			children = (
				D4949B3328051CCE00023B32 /* product_finder.xcdatamodel */,
			);
			currentVersion = D4949B3328051CCE00023B32 /* product_finder.xcdatamodel */;
			path = product_finder.xcdatamodeld;
			sourceTree = "<group>";
			versionGroupType = wrapper.xcdatamodel;
		};
/* End XCVersionGroup section */
	};
	rootObject = D4949B1E28051CCE00023B32 /* Project object */;
}
